
Microsoft Visual Studio Solution File, Format Version 12.00
# Visual Studio Version 17
VisualStudioVersion = 17.3.32929.385
MinimumVisualStudioVersion = 10.0.40219.1
Project("{9A19103F-16F7-4668-BE54-9A1E7A4F7556}") = "ScienceAndLearn.API", "ScienceAndLearn.API\ScienceAndLearn.API.csproj", "{51614803-097D-470A-A2DB-E43043BB3B82}"
EndProject
Project("{9A19103F-16F7-4668-BE54-9A1E7A4F7556}") = "ScienceAndLearn.API.Tests", "ScienceAndLearn.API.Tests\ScienceAndLearn.API.Tests.csproj", "{540F060B-9001-4DE8-A5AE-D5B9D2A0CEE5}"
EndProject
Global
	GlobalSection(SolutionConfigurationPlatforms) = preSolution
		Debug|Any CPU = Debug|Any CPU
		Release|Any CPU = Release|Any CPU
	EndGlobalSection
	GlobalSection(ProjectConfigurationPlatforms) = postSolution
		{51614803-097D-470A-A2DB-E43043BB3B82}.Debug|Any CPU.ActiveCfg = Debug|Any CPU
		{51614803-097D-470A-A2DB-E43043BB3B82}.Debug|Any CPU.Build.0 = Debug|Any CPU
		{51614803-097D-470A-A2DB-E43043BB3B82}.Release|Any CPU.ActiveCfg = Release|Any CPU
		{51614803-097D-470A-A2DB-E43043BB3B82}.Release|Any CPU.Build.0 = Release|Any CPU
		{540F060B-9001-4DE8-A5AE-D5B9D2A0CEE5}.Debug|Any CPU.ActiveCfg = Debug|Any CPU
		{540F060B-9001-4DE8-A5AE-D5B9D2A0CEE5}.Debug|Any CPU.Build.0 = Debug|Any CPU
		{540F060B-9001-4DE8-A5AE-D5B9D2A0CEE5}.Release|Any CPU.ActiveCfg = Release|Any CPU
		{540F060B-9001-4DE8-A5AE-D5B9D2A0CEE5}.Release|Any CPU.Build.0 = Release|Any CPU
	EndGlobalSection
	GlobalSection(SolutionProperties) = preSolution
		HideSolutionNode = FALSE
	EndGlobalSection
	GlobalSection(ExtensibilityGlobals) = postSolution
		SolutionGuid = {A5CF3931-CFBA-48B5-B7A2-120FFAA9FCF7}
	EndGlobalSection
EndGlobal
